{
    "_meta": {
        "hash": {
            "sha256": "98920c627ee5b4da441f201c1048204ae48853e5ed25557bc20c14db461616dc"
        },
        "pipfile-spec": 6,
        "requires": {
            "python_version": "3.9"
        },
        "sources": [
            {
                "name": "pypi",
                "url": "https://pypi.org/simple",
                "verify_ssl": true
            }
        ]
    },
    "default": {
        "glcontext": {
            "hashes": [
                "sha256:0be3e1cb47fe3a8f48b2e66cdcc2d330490990aba3913648c9d67d58c646765e",
                "sha256:0f99726238ac132cc1fd7b9a62e449c7914957f451e6aea1a54e24be8b1ce04a",
                "sha256:1ad78fce244afa860cb11c30c42fb710251035b2df4d84b0e72457128b7a830f",
                "sha256:1af3314f20c97fa2a8fc6d2b68d597463066416a7cc3c1ea4f05b4ecb0fc3e9c",
                "sha256:1ca421ca610b4c3da6e41be28585839af48fd961a0f2f4c8f3377a445e9b016a",
                "sha256:1ceb88d1cb22387af5a3d5e0223835ed0676da350774ba15ba68f6d815519f90",
                "sha256:247ac15cbef85befb8c3ddb62659cc36b26786f0cec609724b60419ffb0a423a",
                "sha256:25100ea7df50728937f96cb3cb6cba5ce42d674a0a6c2efae23198674212032a",
                "sha256:2d585a586cd5a401e9aeeca18c8d56a4b908cd5b365241ab6834e35f28f7dafb",
                "sha256:2f99c62f234f2859d626e1b24d7949d8d76a3a6fb7c2883b6f376e70586ce0ad",
                "sha256:3e1ef7e93a6a0f8b89a76fb41c58af4d9e69686504785883b628f0eeee29b153",
                "sha256:4290542e696ca6c52230521552ed26322d62eda935c43da01d9913af2e95165b",
                "sha256:448bafceaad2716a260fce53f171f168546691dddd18c1d4532c8d0e6f305a50",
                "sha256:537cd5113f7a5c17094dee50107587adeaea01d4854407bdab8e3bcd808e0bc6",
                "sha256:5e9289db306a4255328128cea0d250e078c9546678659499f5d1e819924e2225",
                "sha256:821f354c60ea82e73d3d5f788c22c31e60af578b0d4fd6aa9329a770ca966257",
                "sha256:8983f0eae99c4ec04ece197537d3914a2c9e21f074bd518f21ce3c4be6d300cb",
                "sha256:a27c5bbbe9d88ae547ddb89d3f55edec14b44126999d7f6214838240b1cb8c2a",
                "sha256:b7eecb1a1f689bcb3b77f8aed45e6b9139b3dec4fdeef894b6a7aa2b7c9b4312",
                "sha256:e1404b84e40daf7181168f4afa4f6ac5c4984e1f090fbd538da5b49046e4a078",
                "sha256:e558960888be5a4aa8e2f6f43b5320a227c8519bc3517bf7202cb40925114a6d",
                "sha256:e71121ac65a98808f9caaeaa3912756c07cd6cf73857a90b31170703103b644c"
            ],
            "version": "==2.3.4"
        },
        "moderngl": {
            "hashes": [
                "sha256:01c71d94dbd59b5d37ead463991e2998c0924426cffa393b9da2b8334551c998",
                "sha256:1bd864b5cc2fc1255785e33575cec98fa5ded698503c4f8f3fa9230abeaa3a04",
                "sha256:1c74b71c9acee9f0e69807a086d76e92f37c1960c3bb1d6a6e2472fd03f7be5b",
                "sha256:1f9ed0bc0d706124a01be2ad59b5774bb3b023e61dcf39faf7c4c7ef4b9f4f75",
                "sha256:28b517fc56c9ab9eb1f5833f7d7b1274d3719b962f95f55ccd8a0f6db884a92b",
                "sha256:331fd4bce60b10a08eed81a3ed4c70b7c297c38f981fdf3968d03a1c892af247",
                "sha256:3eb65afc8ec4a1d4a4c48696fb0f4f6cf7a7ada6bef97818d717dbca73c57b11",
                "sha256:3fb139bcdd25eae2c546e5788e9d8719f6c4b18a2ba68a9df31699b4ac57d62d",
                "sha256:40f74a2246e5302f93f2d46f76c0d2a26cbed1eb29731674c4052476f1e9c9ea",
                "sha256:4fd721eb83e73d34c3f7b5a11aec656fef461b51bbe7503b07ea27370c593cbd",
                "sha256:52ee915a559762f0e992344961b35e0d241be32f8aa7464494e958f777e0534c",
                "sha256:5e158e6881034c7e1d0c583d7c82ff608439606f2359dc6098e4be4fd93cef9d",
                "sha256:792ffe1ec233ed5fcfb0c14955a7f944d64c0d49713ff8b9c5fa3176d96f05c3",
                "sha256:8c6d04559f5e3bf75a18525cd46d213c0f3a8409363718978e6de691bdb551fb",
                "sha256:90006d9dfd5333da604a7d26b2a5e70e1a570f291cd745b8bf80e4833d8821b6",
                "sha256:a28dc741469eeb69549ee85b4ddbf8e9cfca6a2b19ce0406df9fde20f78082c8",
                "sha256:af44437545380a840dafd09658eb56592831dbd4fb481d320249d0d42c591bae",
                "sha256:b22534529f5bc52c1fe43336787c06d51123ae978fb56e74e47cabd85056c934",
                "sha256:b5023633bcbfbab90be6a6f4edcde75f9c1e244d9acbda94678f3e3fb238b363",
                "sha256:bc3764d67f037b67051871345a1d0b7a3d2c19cb5c0c0af0a84c532e802d6642",
                "sha256:c350e06affea9fabc636b2350cf6e58d83ee2e7264527eee0f5d142c167f5463",
                "sha256:ce87962b91635d857cac4a753c5d5f647d94dc66dcb0f090bb8d758fd226c3e8",
                "sha256:d2ec6ecd845f21ba44a08c11521cb71f2a9c2ea2ec189b7ed30d17837d392d70",
                "sha256:ee5b1eced39d7f6dc68782c2abf01c1130a40b6d83d333d175ee71adbea7c721",
                "sha256:f83f6ab1fafdba2d9c06a7a1c8a4e460689ea1d514146606acc74f14e0831d93",
                "sha256:fc5cc1601a3df8f45f1901c6b9960731e0619d1781b0d036e12341fbf2ef55d3",
                "sha256:ffc48fc4deeb525ed33a828d13ca4c12c5af8e5cb0449011f1802e18b5fc3c25"
            ],
            "index": "pypi",
            "version": "==5.6.4"
        },
        "numpy": {
            "hashes": [
                "sha256:00c9fa73a6989895b8815d98300a20ac993c49ac36c8277e8ffeaa3631c0dbbb",
                "sha256:025b497014bc33fc23897859350f284323f32a2fff7654697f5a5fc2a19e9939",
                "sha256:08de8472d9f7571f9d51b27b75e827f5296295fa78817032e84464be8bb905bc",
                "sha256:1964db2d4a00348b7a60ee9d013c8cb0c566644a589eaa80995126eac3b99ced",
                "sha256:2a9add27d7fc0fdb572abc3b2486eb3b1395da71e0254c5552b2aad2a18b5441",
                "sha256:2d8adfca843bc46ac199a4645233f13abf2011a0b2f4affc5c37cd552626f27b",
                "sha256:301e408a052fdcda5cdcf03021ebafc3c6ea093021bf9d1aa47c54d48bdad166",
                "sha256:311283acf880cfcc20369201bd75da907909afc4666966c7895cbed6f9d2c640",
                "sha256:341dddcfe3b7b6427a28a27baa59af5ad51baa59bfec3264f1ab287aa3b30b13",
                "sha256:3a5098df115340fb17fc93867317a947e1dcd978c3888c5ddb118366095851f8",
                "sha256:3c978544be9e04ed12016dd295a74283773149b48f507d69b36f91aa90a643e5",
                "sha256:3d893b0871322eaa2f8c7072cdb552d8e2b27645b7875a70833c31e9274d4611",
                "sha256:4fe6a006557b87b352c04596a6e3f12a57d6e5f401d804947bd3188e6b0e0e76",
                "sha256:507c05c7a37b3683eb08a3ff993bd1ee1e6c752f77c2f275260533b265ecdb6c",
                "sha256:58ca1d7c8aef6e996112d0ce873ac9dfa1eaf4a1196b4ff7ff73880a09923ba7",
                "sha256:61bada43d494515d5b122f4532af226fdb5ee08fe5b5918b111279843dc6836a",
                "sha256:69a5a8d71c308d7ef33ef72371c2388a90e3495dbb7993430e674006f94797d5",
                "sha256:6a5928bc6241264dce5ed509e66f33676fc97f464e7a919edc672fb5532221ee",
                "sha256:7b9d6b14fc9a4864b08d1ba57d732b248f0e482c7b2ff55c313137e3ed4d8449",
                "sha256:a7c4b701ca418cd39e28ec3b496e6388fe06de83f5f0cb74794fa31cfa384c02",
                "sha256:a7e8f6216f180f3fd4efb73de5d1eaefb5f5a1ee5b645c67333033e39440e63a",
                "sha256:b545ebadaa2b878c8630e5bcdb97fc4096e779f335fc0f943547c1c91540c815",
                "sha256:c293d3c0321996cd8ffe84215ffe5d269fd9d1d12c6f4ffe2b597a7c30d3e593",
                "sha256:c5562bcc1a9b61960fc8950ade44d00e3de28f891af0acc96307c73613d18f6e",
                "sha256:ca9c23848292c6fe0a19d212790e62f398fd9609aaa838859be8459bfbe558aa",
                "sha256:cc1b30205d138d1005adb52087ff45708febbef0e420386f58664f984ef56954",
                "sha256:dbce7adeb66b895c6aaa1fad796aaefc299ced597f6fbd9ceddb0dd735245354",
                "sha256:dc4b2fb01f1b4ddbe2453468ea0719f4dbb1f5caa712c8b21bb3dd1480cd30d9",
                "sha256:eed2afaa97ec33b4411995be12f8bdb95c87984eaa28d76cf628970c8a2d689a",
                "sha256:fc7a7d7b0ed72589fd8b8486b9b42a564f10b8762be8bd4d9df94b807af4a089"
            ],
            "index": "pypi",
            "version": "==1.21.5"
        },
        "numpy-stl": {
            "hashes": [
                "sha256:95890627001efb2cb8d17418730cdc1bdd64b8dbb9862b01a8e0359d79fe863e",
                "sha256:bd6c0fb893b7d3ea5a90d39de8f3c776e41462df45e179c3661e97b05fb8e536"
            ],
            "index": "pypi",
            "version": "==2.16.3"
        },
        "pillow": {
            "hashes": [
                "sha256:066f3999cb3b070a95c3652712cffa1a748cd02d60ad7b4e485c3748a04d9d76",
                "sha256:0a0956fdc5defc34462bb1c765ee88d933239f9a94bc37d132004775241a7585",
                "sha256:0b052a619a8bfcf26bd8b3f48f45283f9e977890263e4571f2393ed8898d331b",
                "sha256:1394a6ad5abc838c5cd8a92c5a07535648cdf6d09e8e2d6df916dfa9ea86ead8",
                "sha256:1bc723b434fbc4ab50bb68e11e93ce5fb69866ad621e3c2c9bdb0cd70e345f55",
                "sha256:244cf3b97802c34c41905d22810846802a3329ddcb93ccc432870243211c79fc",
                "sha256:25a49dc2e2f74e65efaa32b153527fc5ac98508d502fa46e74fa4fd678ed6645",
                "sha256:2e4440b8f00f504ee4b53fe30f4e381aae30b0568193be305256b1462216feff",
                "sha256:3862b7256046fcd950618ed22d1d60b842e3a40a48236a5498746f21189afbbc",
                "sha256:3eb1ce5f65908556c2d8685a8f0a6e989d887ec4057326f6c22b24e8a172c66b",
                "sha256:3f97cfb1e5a392d75dd8b9fd274d205404729923840ca94ca45a0af57e13dbe6",
                "sha256:493cb4e415f44cd601fcec11c99836f707bb714ab03f5ed46ac25713baf0ff20",
                "sha256:4acc0985ddf39d1bc969a9220b51d94ed51695d455c228d8ac29fcdb25810e6e",
                "sha256:5503c86916d27c2e101b7f71c2ae2cddba01a2cf55b8395b0255fd33fa4d1f1a",
                "sha256:5b7bb9de00197fb4261825c15551adf7605cf14a80badf1761d61e59da347779",
                "sha256:5e9ac5f66616b87d4da618a20ab0a38324dbe88d8a39b55be8964eb520021e02",
                "sha256:620582db2a85b2df5f8a82ddeb52116560d7e5e6b055095f04ad828d1b0baa39",
                "sha256:62cc1afda735a8d109007164714e73771b499768b9bb5afcbbee9d0ff374b43f",
                "sha256:70ad9e5c6cb9b8487280a02c0ad8a51581dcbbe8484ce058477692a27c151c0a",
                "sha256:72b9e656e340447f827885b8d7a15fc8c4e68d410dc2297ef6787eec0f0ea409",
                "sha256:72cbcfd54df6caf85cc35264c77ede902452d6df41166010262374155947460c",
                "sha256:792e5c12376594bfcb986ebf3855aa4b7c225754e9a9521298e460e92fb4a488",
                "sha256:7b7017b61bbcdd7f6363aeceb881e23c46583739cb69a3ab39cb384f6ec82e5b",
                "sha256:81f8d5c81e483a9442d72d182e1fb6dcb9723f289a57e8030811bac9ea3fef8d",
                "sha256:82aafa8d5eb68c8463b6e9baeb4f19043bb31fefc03eb7b216b51e6a9981ae09",
                "sha256:84c471a734240653a0ec91dec0996696eea227eafe72a33bd06c92697728046b",
                "sha256:8c803ac3c28bbc53763e6825746f05cc407b20e4a69d0122e526a582e3b5e153",
                "sha256:93ce9e955cc95959df98505e4608ad98281fff037350d8c2671c9aa86bcf10a9",
                "sha256:9a3e5ddc44c14042f0844b8cf7d2cd455f6cc80fd7f5eefbe657292cf601d9ad",
                "sha256:a4901622493f88b1a29bd30ec1a2f683782e57c3c16a2dbc7f2595ba01f639df",
                "sha256:a5a4532a12314149d8b4e4ad8ff09dde7427731fcfa5917ff16d0291f13609df",
                "sha256:b8831cb7332eda5dc89b21a7bce7ef6ad305548820595033a4b03cf3091235ed",
                "sha256:b8e2f83c56e141920c39464b852de3719dfbfb6e3c99a2d8da0edf4fb33176ed",
                "sha256:c70e94281588ef053ae8998039610dbd71bc509e4acbc77ab59d7d2937b10698",
                "sha256:c8a17b5d948f4ceeceb66384727dde11b240736fddeda54ca740b9b8b1556b29",
                "sha256:d82cdb63100ef5eedb8391732375e6d05993b765f72cb34311fab92103314649",
                "sha256:d89363f02658e253dbd171f7c3716a5d340a24ee82d38aab9183f7fdf0cdca49",
                "sha256:d99ec152570e4196772e7a8e4ba5320d2d27bf22fdf11743dd882936ed64305b",
                "sha256:ddc4d832a0f0b4c52fff973a0d44b6c99839a9d016fe4e6a1cb8f3eea96479c2",
                "sha256:e3dacecfbeec9a33e932f00c6cd7996e62f53ad46fbe677577394aaa90ee419a",
                "sha256:eb9fc393f3c61f9054e1ed26e6fe912c7321af2f41ff49d3f83d05bacf22cc78"
            ],
            "index": "pypi",
            "version": "==8.4.0"
        },
        "pyglm": {
            "hashes": [
                "sha256:0707d21de573b03c3b6ea62352fcdb33df115506a6aaf829e952152e0433e82b",
                "sha256:09d4dbbde3bd4c1044ec1fd16b40627b2828421382fe99b876d190b80bcf7cae",
                "sha256:0ac23f5d82c1c065f86444e05880193f60ec0eee500f9809552b4c5f702ab34a",
                "sha256:0cd315a69936992b557f5c8459e49c76a08fdc8d44354715c1295dab09b70ce7",
                "sha256:0d7d0038ff9b0aab0b52156a2fe031a137f1bc6a6519a9dc3d8e7624ece03500",
                "sha256:10bd2021e122921cbeca7c66fe699563b706de508b2213189882762a6c1b491a",
                "sha256:10bee825b1ae450499b8d2d680ce44147fcdd74e4834a7cbaea8a4d90fcfeb18",
                "sha256:173adc7127b893aa6dcd97f12ef7417ab138192d60bcdcf436f7c6aacc787394",
                "sha256:206307c69ff4647cbbf98e2c931922ab11641cc17a7b217703b21935ee74833f",
                "sha256:276699d3d777c6c68e82fbb6fd4fe71d0ee48aaab3ceb2a1bc4e2b708672171c",
                "sha256:28bc5e475204e16294e0921f8723c7fe06b5f00e09de2c825850c5e5c11cf0d3",
                "sha256:3504f7849c6bf2c195d926b24fedacfbd73193cf373936c4ab9b3847ce8dd346",
                "sha256:352970a68ab42fdd4b9abe22689146378781d17598b21ddd949546ba57b502ae",
                "sha256:37f7223ead07ffdbeb765bc08232217d543ce021301fae440f8ee4518c157f3c",
                "sha256:38fdff84e6416decffe1c5874632807d58b98c5508cca3579bb2f5332e099fd8",
                "sha256:394ff690c350d5f1a9b0ead62091096d260d91ead10c491f556c6511307d30fa",
                "sha256:3b67215d06e23303fbd267090736755ff4fe24d7a5478b754fd37bc16d857f63",
                "sha256:3d48fe20ad7598e00b9333067ca9c1615940e88b5e369be38a7af498cb3e6a55",
                "sha256:464651a2c229fbfadc2150e8c36f0d64671a450a7c91fef245899c784f9f1efb",
                "sha256:4f7cda2788428feb7b60ac2e48d15fea38c034e12427ede9335af972d5e6a89f",
                "sha256:4f9fb40fc8371f307b1d3bdbe6aa379b511b53e5303891e52cce88f0ef21fb5e",
                "sha256:5723acab4c780f60fd9820eb90d87600bf16f8a13db14b3583b2f460e936b048",
                "sha256:5b8e4fe528002235db252ee35b33b96904351b31dd8d2b6e975d8ac179078b60",
                "sha256:5ce38dd0a7939eb58b55212524a4810563a05c701daa82314061e7532653cd91",
                "sha256:5e6d471c74e026338df88e3d866fa2de51210bbf7b81f03a2009d8a0e9d2ee86",
                "sha256:5fd8d466f9226afdf78cb591ebf09d893b6d9ece42a62bd428f2a8edc9eef264",
                "sha256:60cb80f60ecdb976469a8ab5b59699c1174079b829f0b8429843608962e4308d",
                "sha256:60f34888270c2fe770e9c7c9828a607aaf9273598f7eae4e7bf26f3ba2b48705",
                "sha256:62938df7eb7f625bc31525bb17b949e7df2ddde809a0a8a5ac3e5dcbf74ca5ee",
                "sha256:63d69b1de10eae579237a9e73230a8424a615e46610c07b92e0af6b779e31e45",
                "sha256:6a148d7fc3b390823f042027b475a29072d00e0eaa4910f4472fe1182371ffe4",
                "sha256:749a2aa8a80d08fea97a91854e83c3f93e271a80c2b4af7032a62fce69822eea",
                "sha256:75c4651505b5f04000ddd6cf96ab016dd8d9cc74680dfa6f50feaefb87c10be2",
                "sha256:769b8c684b42410b8da808675ae494f708c368229af131da7a476ef281a462a9",
                "sha256:7e96d25e520be856c31e8ed9535bca7eacac190a2066a7620ea8e3cd43a618f9",
                "sha256:8042d764d83664865cc580b1c8db2ec5a8d9184b16b80a60eb087bdb129d85ae",
                "sha256:815a076a5abfa6c5cbfcfea5a1526ec56c93492d01cb4ec7f204a2e37577b071",
                "sha256:832dd41d94a39ef7b4ab0f55738759f445635ea94a2f0ef809c70b7bcdaf330f",
                "sha256:859af4ea4bd93621331a9fd3610a1d6178d6911c3c5e41ca663e7732bc48c31e",
                "sha256:87034c9569ca4e54e82e663abd9534ae02a79ba3bd553680e4a2f409596e80e7",
                "sha256:8b464bf821506b8b8714f94f22f1376d7a93f2ef8cefda44003cfe5a0ee7476b",
                "sha256:8cf39b2cd8c8d28fa863ef375aa013b1bc4ca4461919231583a2554228f49311",
                "sha256:8f28a6e5c9264d5ed9d2fc747c9d6dca829fb040081ddf6c24b90646e241eb2e",
                "sha256:97c6e160c80966001eaf1c69dd84bf7b3726e4bd80882986eae46c4e784b89e0",
                "sha256:9809475ccb747d34e03d06ca04462e6a27b7e73d6c719128f24abf07a8625a27",
                "sha256:997fb2342bcd028e19a7f93c6af1a2d6f0dbc574c1751b0511380f67e6227910",
                "sha256:9c599b95537c7f60310da80a164f19240cf6d5751596beee9f55d2bcf708f4b6",
                "sha256:a6c4e544ad40203223bc6be979591d78c6195b273328440ba33aa745d9595156",
                "sha256:b129c1ab4b376cff7f0597ad0a6e607a9a47809ddfbe25439996c204dbc1704b",
                "sha256:b2e319a100b64ebe4fee505602a14a3f3c37e4f6c11984d3a743eb9d9c7072fa",
                "sha256:bf49898e2e8db08b844db8d70410b6c876e1a741d24cf8e11da58d4e2455c51d",
                "sha256:c0202d9de45f91b95240e8b20e2e9c86cc3560f49d7ec0f487986dd2d821983f",
                "sha256:c0fa8d848c79d5e6a579d6e3ec987cab9c42aafe67ca9408625a9d6c2c77c0dc",
                "sha256:d377f4249510909ae6f2b68f14262a731e81e560a48b229a4e02f8bebb82f53a",
                "sha256:d3febfde111e8a670e95f957940c6ee17733a106ab88a1807b85b0cad29b375b",
                "sha256:d8d5a4437e307056c85475c1030425cc76e3e2fe1ac9d4400f02c27ed559f78a",
                "sha256:d90208d33b73c2b92b519c4964df1f7f50a25cc84e43a73c8bf45366c57fa2bf",
                "sha256:de5e8fa77229cdf7748a0cf8804496786d9a9751dd34e594388b9eea37540124",
                "sha256:e61b8868bc6434cff57447ba86b703ffde83dc9aa5814894de76fa68bea29e4e",
                "sha256:eaf643b1656f0d57268aafabbdad45b2569ec426dd650356c8d28fcb8272e484",
                "sha256:eb31c4aec1fddc4cceec7db86d64c5c85a8554697ed192c6d353120d3ddfad49",
                "sha256:eb583b5127c9c915b21f079e52c730603e0aca7923c1f2a500149afe88a774e8",
                "sha256:f0e9991749130e90e8e7654c0602ad1f9bd70d901819ca5bb95718bf14839176",
                "sha256:f2bcebea7088fabcfe3c6e63bbc9f4722ab8d6c600696e8807fc69e5742992c1",
                "sha256:f607fb9b854528bbbcea90646c788eed948c55f82258a6f3c17433cb8f745567",
                "sha256:f8623a85975370e206f7645f6316d9ce4ebbe225dfe8c851ea7f3e7be4c8cf99",
                "sha256:f9829f161186228a37c868bba93a5a6be8509bb07b54bf353d4c55c1a39b2425",
                "sha256:fa0a965f698e10d4346ed5a2f85a15b978225a669734223117ac516b1229c4de",
                "sha256:fcc31d935689e706b24b409a466ba0d305585d5a4f21e7aca2f9814a98971459"
            ],
            "index": "pypi",
            "version": "==2.5.7"
        },
        "python-utils": {
            "hashes": [
                "sha256:c4dbd30a56e4eb9213e850334de0aa316c78affd6f1a7995ff698b6720aa5ecb",
                "sha256:cc9822f7e5040a0251edef18dcd39a4458e63e48254e64f016950f0f03cddd88"
            ],
            "version": "==2.6.3"
        },
        "six": {
            "hashes": [
                "sha256:1e61c37477a1626458e36f7b1d82aa5c9b094fa4802892072e49de9c60c4c926",
                "sha256:8abb2f1d86890a2dfb989f9a77cfcfd3e47c2a354b01111771326f8aa26e0254"
            ],
            "markers": "python_version >= '2.7' and python_version not in '3.0, 3.1, 3.2, 3.3'",
            "version": "==1.16.0"
        }
    },
    "develop": {
        "backcall": {
            "hashes": [
                "sha256:5cbdbf27be5e7cfadb448baf0aa95508f91f2bbc6c6437cd9cd06e2a4c215e1e",
                "sha256:fbbce6a29f263178a1f7915c1940bde0ec2b2a967566fe1c65c1dfb7422bd255"
            ],
            "version": "==0.2.0"
        },
        "decorator": {
            "hashes": [
                "sha256:7b12e7c3c6ab203a29e157335e9122cb03de9ab7264b137594103fd4a683b374",
                "sha256:e59913af105b9860aa2c8d3272d9de5a56a4e608db9a2f167a8480b323d529a7"
            ],
            "markers": "python_version >= '3.5'",
            "version": "==5.1.0"
        },
        "ipython": {
            "hashes": [
                "sha256:cb6aef731bf708a7727ab6cde8df87f0281b1427d41e65d62d4b68934fa54e97",
                "sha256:fc60ef843e0863dd4e24ab2bb5698f071031332801ecf8d1aeb4fb622056545c"
            ],
            "index": "pypi",
            "version": "==7.30.1"
        },
        "jedi": {
            "hashes": [
                "sha256:637c9635fcf47945ceb91cd7f320234a7be540ded6f3e99a50cb6febdfd1ba8d",
                "sha256:74137626a64a99c8eb6ae5832d99b3bdd7d29a3850fe2aa80a4126b2a7d949ab"
            ],
            "markers": "python_version >= '3.6'",
            "version": "==0.18.1"
        },
        "matplotlib-inline": {
            "hashes": [
                "sha256:a04bfba22e0d1395479f866853ec1ee28eea1485c1d69a6faf00dc3e24ff34ee",
                "sha256:aed605ba3b72462d64d475a21a9296f400a19c4f74a31b59103d2a99ffd5aa5c"
            ],
            "markers": "python_version >= '3.5'",
            "version": "==0.1.3"
        },
        "memory-profiler": {
            "hashes": [
                "sha256:6a12869511d6cebcb29b71ba26985675a58e16e06b3c523b49f67c5497a33d1c"
            ],
            "index": "pypi",
            "version": "==0.60.0"
        },
        "parso": {
            "hashes": [
                "sha256:8c07be290bb59f03588915921e29e8a50002acaf2cdc5fa0e0114f91709fafa0",
                "sha256:c001d4636cd3aecdaf33cbb40aebb59b094be2a74c556778ef5576c175e19e75"
            ],
            "markers": "python_version >= '3.6'",
            "version": "==0.8.3"
        },
        "pexpect": {
            "hashes": [
                "sha256:0b48a55dcb3c05f3329815901ea4fc1537514d6ba867a152b581d69ae3710937",
                "sha256:fc65a43959d153d0114afe13997d439c22823a27cefceb5ff35c2178c6784c0c"
            ],
            "markers": "sys_platform != 'win32'",
            "version": "==4.8.0"
        },
        "pickleshare": {
            "hashes": [
                "sha256:87683d47965c1da65cdacaf31c8441d12b8044cdec9aca500cd78fc2c683afca",
                "sha256:9649af414d74d4df115d5d718f82acb59c9d418196b7b4290ed47a12ce62df56"
            ],
            "version": "==0.7.5"
        },
        "prompt-toolkit": {
            "hashes": [
                "sha256:1bb05628c7d87b645974a1bad3f17612be0c29fa39af9f7688030163f680bad6",
                "sha256:e56f2ff799bacecd3e88165b1e2f5ebf9bcd59e80e06d395fa0cc4b8bd7bb506"
            ],
            "markers": "python_full_version >= '3.6.2'",
            "version": "==3.0.24"
        },
        "psutil": {
            "hashes": [
                "sha256:0066a82f7b1b37d334e68697faba68e5ad5e858279fd6351c8ca6024e8d6ba64",
                "sha256:02b8292609b1f7fcb34173b25e48d0da8667bc85f81d7476584d889c6e0f2131",
                "sha256:0ae6f386d8d297177fd288be6e8d1afc05966878704dad9847719650e44fc49c",
                "sha256:0c9ccb99ab76025f2f0bbecf341d4656e9c1351db8cc8a03ccd62e318ab4b5c6",
                "sha256:0dd4465a039d343925cdc29023bb6960ccf4e74a65ad53e768403746a9207023",
                "sha256:12d844996d6c2b1d3881cfa6fa201fd635971869a9da945cf6756105af73d2df",
                "sha256:1bff0d07e76114ec24ee32e7f7f8d0c4b0514b3fae93e3d2aaafd65d22502394",
                "sha256:245b5509968ac0bd179287d91210cd3f37add77dad385ef238b275bad35fa1c4",
                "sha256:28ff7c95293ae74bf1ca1a79e8805fcde005c18a122ca983abf676ea3466362b",
                "sha256:36b3b6c9e2a34b7d7fbae330a85bf72c30b1c827a4366a07443fc4b6270449e2",
                "sha256:52de075468cd394ac98c66f9ca33b2f54ae1d9bff1ef6b67a212ee8f639ec06d",
                "sha256:5da29e394bdedd9144c7331192e20c1f79283fb03b06e6abd3a8ae45ffecee65",
                "sha256:61f05864b42fedc0771d6d8e49c35f07efd209ade09a5afe6a5059e7bb7bf83d",
                "sha256:6223d07a1ae93f86451d0198a0c361032c4c93ebd4bf6d25e2fb3edfad9571ef",
                "sha256:6323d5d845c2785efb20aded4726636546b26d3b577aded22492908f7c1bdda7",
                "sha256:6ffe81843131ee0ffa02c317186ed1e759a145267d54fdef1bc4ea5f5931ab60",
                "sha256:74f2d0be88db96ada78756cb3a3e1b107ce8ab79f65aa885f76d7664e56928f6",
                "sha256:74fb2557d1430fff18ff0d72613c5ca30c45cdbfcddd6a5773e9fc1fe9364be8",
                "sha256:90d4091c2d30ddd0a03e0b97e6a33a48628469b99585e2ad6bf21f17423b112b",
                "sha256:90f31c34d25b1b3ed6c40cdd34ff122b1887a825297c017e4cbd6796dd8b672d",
                "sha256:99de3e8739258b3c3e8669cb9757c9a861b2a25ad0955f8e53ac662d66de61ac",
                "sha256:c6a5fd10ce6b6344e616cf01cc5b849fa8103fbb5ba507b6b2dee4c11e84c935",
                "sha256:ce8b867423291cb65cfc6d9c4955ee9bfc1e21fe03bb50e177f2b957f1c2469d",
                "sha256:d225cd8319aa1d3c85bf195c4e07d17d3cd68636b8fc97e6cf198f782f99af28",
                "sha256:ea313bb02e5e25224e518e4352af4bf5e062755160f77e4b1767dd5ccb65f876",
                "sha256:ea372bcc129394485824ae3e3ddabe67dc0b118d262c568b4d2602a7070afdb0",
                "sha256:f4634b033faf0d968bb9220dd1c793b897ab7f1189956e1aa9eae752527127d3",
                "sha256:fcc01e900c1d7bee2a37e5d6e4f9194760a93597c97fee89c4ae51701de03563"
            ],
            "markers": "python_version >= '2.6' and python_version not in '3.0, 3.1, 3.2, 3.3'",
            "version": "==5.8.0"
        },
        "ptyprocess": {
            "hashes": [
                "sha256:4b41f3967fce3af57cc7e94b888626c18bf37a083e3651ca8feeb66d492fef35",
                "sha256:5c5d0a3b48ceee0b48485e0c26037c0acd7d29765ca3fbb5cb3831d347423220"
            ],
            "version": "==0.7.0"
        },
        "pygments": {
            "hashes": [
                "sha256:b8e67fe6af78f492b3c4b3e2970c0624cbf08beb1e493b2c99b9fa1b67a20380",
                "sha256:f398865f7eb6874156579fdf36bc840a03cab64d1cde9e93d68f46a425ec52c6"
            ],
            "markers": "python_version >= '3.5'",
            "version": "==2.10.0"
        },
        "setuptools": {
            "hashes": [
                "sha256:a4377723c53721515f72a3dfc1bfacdcd61edfa19a4cccf82e72e4f50d9cecbd",
                "sha256:ad0ea3d172404abb14d8f7bd7f54f2ccd4ed9dd00c9da0b1398862e69eb22c03"
            ],
            "markers": "python_version >= '3.7'",
            "version": "==60.1.0"
        },
        "traitlets": {
            "hashes": [
                "sha256:059f456c5a7c1c82b98c2e8c799f39c9b8128f6d0d46941ee118daace9eb70c7",
                "sha256:2d313cc50a42cd6c277e7d7dc8d4d7fedd06a2c215f78766ae7b1a66277e0033"
            ],
            "markers": "python_version >= '3.7'",
            "version": "==5.1.1"
        },
        "wcwidth": {
            "hashes": [
                "sha256:beb4802a9cebb9144e99086eff703a642a13d6a0052920003a230f3294bbe784",
                "sha256:c4d647b99872929fdb7bdcaa4fbe7f01413ed3d98077df798530e5b04f116c83"
            ],
            "version": "==0.2.5"
        }
    }
}
