{
    "_meta": {
        "hash": {
            "sha256": "cb9502209e6a08dd173ef36557b11e3de000c3777b2134ec39532018ec3426c1"
        },
        "pipfile-spec": 6,
        "requires": {
            "python_version": "3.10"
        },
        "sources": [
            {
                "name": "pypi",
                "url": "https://pypi.org/simple",
                "verify_ssl": true
            }
        ]
    },
    "default": {
        "glcontext": {
            "hashes": [
                "sha256:01106836f02d0098cbcacbc6d0c911f27fa728177d5a651ff44325dfafba7077",
                "sha256:032d10008de005b51a2401820356e9f7d51bc9c2a28f8194cc1c345bf1a8a3f9",
                "sha256:0a800ba7fd1912f6424bd5979ba596f08308a9e949da73aba942b0a535860170",
                "sha256:0e613a52a32b9fd5a528981c94b39078064a96380cad91ade4c312340d5404af",
                "sha256:12ba701c46e7b774857b756ac6af15487b917a29dce195e40d834638edaad6f4",
                "sha256:16bde9cf3bae7129f5308be4a1143db58e68b49b10c77e4e34f9a51cf98fd557",
                "sha256:1bcb5b2ddd21d37f8a1b2aaa62e3952e54a09bc31d29b861a4dcc57a536514f0",
                "sha256:226453bb7ff5a79e88c59ae38b60d1ce002fa2196b19aa8fada147221816e78c",
                "sha256:22699f81696756ec98fcf8b9a2ebd1dd73a42f81501d7748855e66b63d963c36",
                "sha256:233a9a977d545acf7d2ea1065c986fe6b711948f31499ce5e49e5366eefafa08",
                "sha256:2ac6f80440510473621d287603ef69a08b985c06619f62f42cb485e5ca6e872c",
                "sha256:2eb3c2d7879076a33e801283ab2403788b78e1a45dc89e664a3100b967d471a1",
                "sha256:3a30c62c6168b42a32083dc8c967e421f8c346e4452a00809c056ce6c6bea0c4",
                "sha256:41a69166c20b1a67b2652a5074a78078df7e19f36c65d92f6552535a1182d4cc",
                "sha256:48f299b77612b9c80f026204ee3a3062b56cb0776c1d25a6b5ce05fb7e18b261",
                "sha256:4d399cba251b301d94eb7a41017ba68e001673f642606229fba7a0d4183b3273",
                "sha256:60a982fc78b4400d3b5075f9790977c4d2bdf99824af3cd0428ae5a54437635f",
                "sha256:64c0425155174fd2faaff7f631d41792365e357484c7f44a6b38efc1ea38468c",
                "sha256:7f114582574c8013fdec09154767b2c3f87875b74ff9938b20d3265971d08971",
                "sha256:81addba70acbc3fa84ace2b53509c89ff3c7bfe068d1ba2d7d3478140aed2838",
                "sha256:861304731c2fa5413e24abc32ac8335e93cf9f8dc7ab767ea69d380d8d503b1b",
                "sha256:86441e63363dcbb97ee813c9978c1d8998563e76b3726776da04b7be49813be3",
                "sha256:8789947abf3594a11655f23be88481dae0a660bbf8f42e2a5fa95a8fce59ba2c",
                "sha256:8ca64b73e16712537a95d2e848a13391f83d72f5c19bde5f05562b62b2a1fee6",
                "sha256:970a2769c6aed12e29bd1edbb30a04fa17871a6cf7bb95190e65302c693ce928",
                "sha256:98d5dfc4629ed85e51176fc1d8563944e0439b77bc6fe2365cb42207838ea32f",
                "sha256:a4f862f2b4426f1786743448c899d225e8383538602a04c3ffc9622956d08140",
                "sha256:a8b118f0361e61e21279e414a1fa759288421ac311e44ce08e718de38f788183",
                "sha256:b25a94ddd93eef639fd0a377b7ebc1ac972978796a2ada74fd5b03b88719d88a",
                "sha256:b6030d9deedba125d95d39abd72c36fbf6f0a7f866e600f22b210e368afbf522",
                "sha256:bd50f826bb70df2415c7166d5e0aebdda3e47df8af385f562d8d5ba6018f87e9",
                "sha256:c8adc530ecbb0c01c0abcc56ee71c7bcf8799209bff9e5c32f1a1d77f7035468",
                "sha256:cb5b67ffc75ff4a358e8f739d3c65e1bbcc9e75c651dd5945c787d7b9c3ad03f",
                "sha256:cdb540eec587deddca037fb4dfdaa0921dcab0fd4d7ea5f1079e44fcb1b81e67",
                "sha256:e531662f37d171c08fcdc4ca442468266bef77da14c72c183bcaa2cd80111386",
                "sha256:e59f5afe61c5bc18dc7766c36a0ac912794a53605b30469c6c6be20483f4b42f",
                "sha256:e646d9c5af3b583f74a586fd151b787314352116e7c06c4902da93e15082bdb4",
                "sha256:f3f573bde2183943f6161aeb81cad14a2978f143c686dd52253a38cdae7e7667"
            ],
            "version": "==2.3.6"
        },
        "memory-profiler": {
            "hashes": [
                "sha256:6a12869511d6cebcb29b71ba26985675a58e16e06b3c523b49f67c5497a33d1c"
            ],
            "index": "pypi",
            "version": "==0.60.0"
        },
        "moderngl": {
            "hashes": [
                "sha256:0032c07b31bec50b26bba7ee7999e0f697000b31456bfa84391614bb92dba376",
                "sha256:01c71d94dbd59b5d37ead463991e2998c0924426cffa393b9da2b8334551c998",
                "sha256:0c02fdd386c45ad5d5053a436da64181a7821a042f6665c4ae415edfbdfe244c",
                "sha256:0c6b482f678641e56bd44acecd10eddf74d2cd31e472eff6cca05493cf01e2c9",
                "sha256:0eb8fb5efab2716938308732d16d0caf1a195015d84d73f2b73e3adacd228ba6",
                "sha256:186f8ab2b869c56f677dc87de0577a60790fb9306bd5149cedc433a39e9291e5",
                "sha256:1927a52fd3465c508045a1c4a8ea8c793399830d48458d431936f24f8827f136",
                "sha256:1bd864b5cc2fc1255785e33575cec98fa5ded698503c4f8f3fa9230abeaa3a04",
                "sha256:1c74b71c9acee9f0e69807a086d76e92f37c1960c3bb1d6a6e2472fd03f7be5b",
                "sha256:1f9ed0bc0d706124a01be2ad59b5774bb3b023e61dcf39faf7c4c7ef4b9f4f75",
                "sha256:23b6b30c5a16807d9d2b92f343fcdca8713a88801d8afa985decd302bb6ef7e9",
                "sha256:28b517fc56c9ab9eb1f5833f7d7b1274d3719b962f95f55ccd8a0f6db884a92b",
                "sha256:2ef57f65c639d12d534dce70e5c08965f0856ac371c669c7586904b8db6453eb",
                "sha256:331fd4bce60b10a08eed81a3ed4c70b7c297c38f981fdf3968d03a1c892af247",
                "sha256:3e2b40f1e11ee5f251a0d564e6a5d285ff91adf361e84f6912fc10959b92bd83",
                "sha256:3eb65afc8ec4a1d4a4c48696fb0f4f6cf7a7ada6bef97818d717dbca73c57b11",
                "sha256:3fb139bcdd25eae2c546e5788e9d8719f6c4b18a2ba68a9df31699b4ac57d62d",
                "sha256:40f74a2246e5302f93f2d46f76c0d2a26cbed1eb29731674c4052476f1e9c9ea",
                "sha256:46e7e03360eafa77159e0d6142904de0d2e9400254414820bbc2d0ca16b14388",
                "sha256:4a3aaa15eb4d43b79e06a46945869feb13f325312ad63666ef2b7d3e216e3a09",
                "sha256:4bcfcec3bc3b9a1ee19e94fa524913fd45c37214ea69301a6911e8e53f966029",
                "sha256:4fd721eb83e73d34c3f7b5a11aec656fef461b51bbe7503b07ea27370c593cbd",
                "sha256:52ee915a559762f0e992344961b35e0d241be32f8aa7464494e958f777e0534c",
                "sha256:571e524fde685e21dbe132f4eb7bb223cfc235dc917a4cf122bc44897be18e89",
                "sha256:59907d8855dd3ccf1950e8f43f5a1a7cdd93910d8edf538bf52e62098be22360",
                "sha256:5d76b0fb489a5dc6da591b979f8c471bb5b67409afaa9fe4569bc0abf25221f4",
                "sha256:5e158e6881034c7e1d0c583d7c82ff608439606f2359dc6098e4be4fd93cef9d",
                "sha256:5eb217b7726511d2382bfdd56b2a8ff5489aa7d1d73bf4f854343b07df286fa9",
                "sha256:61ec09bb3382d36e5ef3e627e85744b719db1175c3a3fdbadf9acde48eb1aca6",
                "sha256:6d04747cc9a96f786d04c8a176d5d2cbb51159efd66287d0e676ac674f53e861",
                "sha256:792ffe1ec233ed5fcfb0c14955a7f944d64c0d49713ff8b9c5fa3176d96f05c3",
                "sha256:8037b6934843000d5fecd2b1933d3894687123fc9afdb19af52a9a628971163d",
                "sha256:890caba3795a0288259d76a2cee014c6ffc00619bef179a8d0a87fd9c16a3729",
                "sha256:8a6bd0e342388b931954671ccf8300ab36cc7d8c991547581efa6df5628bda8b",
                "sha256:8c6d04559f5e3bf75a18525cd46d213c0f3a8409363718978e6de691bdb551fb",
                "sha256:90006d9dfd5333da604a7d26b2a5e70e1a570f291cd745b8bf80e4833d8821b6",
                "sha256:a07531c6b0f3da3058bd8927bc6c75eface98ce1416d8be4072b9b11b314b718",
                "sha256:a28dc741469eeb69549ee85b4ddbf8e9cfca6a2b19ce0406df9fde20f78082c8",
                "sha256:af44437545380a840dafd09658eb56592831dbd4fb481d320249d0d42c591bae",
                "sha256:b1d5f918dda6dc1ec5465d7105b06c5525041fbc368df5d4636145006ce3d303",
                "sha256:b22534529f5bc52c1fe43336787c06d51123ae978fb56e74e47cabd85056c934",
                "sha256:b5023633bcbfbab90be6a6f4edcde75f9c1e244d9acbda94678f3e3fb238b363",
                "sha256:b5151ccf38af80ce8600eac089df1c814eb72aa99c8768307348c1a170104b7e",
                "sha256:bc3764d67f037b67051871345a1d0b7a3d2c19cb5c0c0af0a84c532e802d6642",
                "sha256:c350e06affea9fabc636b2350cf6e58d83ee2e7264527eee0f5d142c167f5463",
                "sha256:ce87962b91635d857cac4a753c5d5f647d94dc66dcb0f090bb8d758fd226c3e8",
                "sha256:d2ec6ecd845f21ba44a08c11521cb71f2a9c2ea2ec189b7ed30d17837d392d70",
                "sha256:d4c56e15a5fb29de0295891ec3b153e2bd8aeada0c0825135aa5851fa481ff28",
                "sha256:d9092c50a2bb293be770f6f0ae5f1cb940848bf03682696c473a6d3f2c7710d2",
                "sha256:d9645afaa1704b2628d8a58be0760243d9954a62902283b176ea00a55b54eafe",
                "sha256:de252103b24a8dc40c7f6e1755e29bc9263c33b92141787b50c7ab0266c74906",
                "sha256:ee02dba4b32d7a165a36c797ce495d71deb085a7e29cfa7f1236fa7ccdfc6160",
                "sha256:ee5b1eced39d7f6dc68782c2abf01c1130a40b6d83d333d175ee71adbea7c721",
                "sha256:f7c2fce8b7a68f3df9189a19f424478e1d853cfd3e142efd1eb0d4cdf44148d7",
                "sha256:f83f6ab1fafdba2d9c06a7a1c8a4e460689ea1d514146606acc74f14e0831d93",
                "sha256:fc5cc1601a3df8f45f1901c6b9960731e0619d1781b0d036e12341fbf2ef55d3",
                "sha256:ffc48fc4deeb525ed33a828d13ca4c12c5af8e5cb0449011f1802e18b5fc3c25"
            ],
            "index": "pypi",
            "version": "==5.6.4"
        },
        "numpy": {
            "hashes": [
                "sha256:0fe563fc8ed9dc4474cbf70742673fc4391d70f4363f917599a7fa99f042d5a8",
                "sha256:12ac457b63ec8ded85d85c1e17d85efd3c2b0967ca39560b307a35a6703a4735",
                "sha256:2341f4ab6dba0834b685cce16dad5f9b6606ea8a00e6da154f5dbded70fdc4dd",
                "sha256:296d17aed51161dbad3c67ed6d164e51fcd18dbcd5dd4f9d0a9c6055dce30810",
                "sha256:488a66cb667359534bc70028d653ba1cf307bae88eab5929cd707c761ff037db",
                "sha256:4d52914c88b4930dafb6c48ba5115a96cbab40f45740239d9f4159c4ba779962",
                "sha256:5e13030f8793e9ee42f9c7d5777465a560eb78fa7e11b1c053427f2ccab90c79",
                "sha256:61be02e3bf810b60ab74e81d6d0d36246dbfb644a462458bb53b595791251911",
                "sha256:7607b598217745cc40f751da38ffd03512d33ec06f3523fb0b5f82e09f6f676d",
                "sha256:7a70a7d3ce4c0e9284e92285cba91a4a3f5214d87ee0e95928f3614a256a1488",
                "sha256:7ab46e4e7ec63c8a5e6dbf5c1b9e1c92ba23a7ebecc86c336cb7bf3bd2fb10e5",
                "sha256:8981d9b5619569899666170c7c9748920f4a5005bf79c72c07d08c8a035757b0",
                "sha256:8c053d7557a8f022ec823196d242464b6955a7e7e5015b719e76003f63f82d0f",
                "sha256:926db372bc4ac1edf81cfb6c59e2a881606b409ddc0d0920b988174b2e2a767f",
                "sha256:95d79ada05005f6f4f337d3bb9de8a7774f259341c70bc88047a1f7b96a4bcb2",
                "sha256:95de7dc7dc47a312f6feddd3da2500826defdccbc41608d0031276a24181a2c0",
                "sha256:a0882323e0ca4245eb0a3d0a74f88ce581cc33aedcfa396e415e5bba7bf05f68",
                "sha256:a8365b942f9c1a7d0f0dc974747d99dd0a0cdfc5949a33119caf05cb314682d3",
                "sha256:a8aae2fb3180940011b4862b2dd3756616841c53db9734b27bb93813cd79fce6",
                "sha256:c237129f0e732885c9a6076a537e974160482eab8f10db6292e92154d4c67d71",
                "sha256:c67b833dbccefe97cdd3f52798d430b9d3430396af7cdb2a0c32954c3ef73894",
                "sha256:ce03305dd694c4873b9429274fd41fc7eb4e0e4dea07e0af97a933b079a5814f",
                "sha256:d331afac87c92373826af83d2b2b435f57b17a5c74e6268b79355b970626e329",
                "sha256:dada341ebb79619fe00a291185bba370c9803b1e1d7051610e01ed809ef3a4ba",
                "sha256:ed2cc92af0efad20198638c69bb0fc2870a58dabfba6eb722c933b48556c686c",
                "sha256:f260da502d7441a45695199b4e7fd8ca87db659ba1c78f2bbf31f934fe76ae0e",
                "sha256:f2f390aa4da44454db40a1f0201401f9036e8d578a25f01a6e237cea238337ef",
                "sha256:f76025acc8e2114bb664294a07ede0727aa75d63a06d2fae96bf29a81747e4a7"
            ],
            "index": "pypi",
            "version": "==1.23.4"
        },
        "numpy-stl": {
            "hashes": [
                "sha256:36c920192f445dd57f091a63629bdda5a9274d47513a33ac2efad12737394b7a",
                "sha256:c75d4df9cecff7de7bf1e7148dc011c0f4acf9d1c008ef664185c8ecab94ee99"
            ],
            "index": "pypi",
            "version": "==2.17.1"
        },
        "opencv-python": {
            "hashes": [
                "sha256:0dc82a3d8630c099d2f3ac1b1aabee164e8188db54a786abb7a4e27eba309440",
                "sha256:5af8ba35a4fcb8913ffb86e92403e9a656a4bff4a645d196987468f0f8947875",
                "sha256:6e32af22e3202748bd233ed8f538741876191863882eba44e332d1a34993165b",
                "sha256:c5bfae41ad4031e66bb10ec4a0a2ffd3e514d092652781e8b1ac98d1b59f1158",
                "sha256:dbdc84a9b4ea2cbae33861652d25093944b9959279200b7ae0badd32439f74de",
                "sha256:e6e448b62afc95c5b58f97e87ef84699e6607fe5c58730a03301c52496005cae",
                "sha256:f482e78de6e7b0b060ff994ffd859bddc3f7f382bb2019ef157b0ea8ca8712f5"
            ],
            "index": "pypi",
            "version": "==4.6.0.66"
        },
        "pillow": {
            "hashes": [
                "sha256:0030fdbd926fb85844b8b92e2f9449ba89607231d3dd597a21ae72dc7fe26927",
                "sha256:030e3460861488e249731c3e7ab59b07c7853838ff3b8e16aac9561bb345da14",
                "sha256:0ed2c4ef2451de908c90436d6e8092e13a43992f1860275b4d8082667fbb2ffc",
                "sha256:136659638f61a251e8ed3b331fc6ccd124590eeff539de57c5f80ef3a9594e58",
                "sha256:13b725463f32df1bfeacbf3dd197fb358ae8ebcd8c5548faa75126ea425ccb60",
                "sha256:1536ad017a9f789430fb6b8be8bf99d2f214c76502becc196c6f2d9a75b01b76",
                "sha256:15928f824870535c85dbf949c09d6ae7d3d6ac2d6efec80f3227f73eefba741c",
                "sha256:17d4cafe22f050b46d983b71c707162d63d796a1235cdf8b9d7a112e97b15bac",
                "sha256:1802f34298f5ba11d55e5bb09c31997dc0c6aed919658dfdf0198a2fe75d5490",
                "sha256:1cc1d2451e8a3b4bfdb9caf745b58e6c7a77d2e469159b0d527a4554d73694d1",
                "sha256:1fd6f5e3c0e4697fa7eb45b6e93996299f3feee73a3175fa451f49a74d092b9f",
                "sha256:254164c57bab4b459f14c64e93df11eff5ded575192c294a0c49270f22c5d93d",
                "sha256:2ad0d4df0f5ef2247e27fc790d5c9b5a0af8ade9ba340db4a73bb1a4a3e5fb4f",
                "sha256:2c58b24e3a63efd22554c676d81b0e57f80e0a7d3a5874a7e14ce90ec40d3069",
                "sha256:2d33a11f601213dcd5718109c09a52c2a1c893e7461f0be2d6febc2879ec2402",
                "sha256:336b9036127eab855beec9662ac3ea13a4544a523ae273cbf108b228ecac8437",
                "sha256:337a74fd2f291c607d220c793a8135273c4c2ab001b03e601c36766005f36885",
                "sha256:37ff6b522a26d0538b753f0b4e8e164fdada12db6c6f00f62145d732d8a3152e",
                "sha256:3d1f14f5f691f55e1b47f824ca4fdcb4b19b4323fe43cc7bb105988cad7496be",
                "sha256:408673ed75594933714482501fe97e055a42996087eeca7e5d06e33218d05aa8",
                "sha256:4134d3f1ba5f15027ff5c04296f13328fecd46921424084516bdb1b2548e66ff",
                "sha256:4ad2f835e0ad81d1689f1b7e3fbac7b01bb8777d5a985c8962bedee0cc6d43da",
                "sha256:50dff9cc21826d2977ef2d2a205504034e3a4563ca6f5db739b0d1026658e004",
                "sha256:510cef4a3f401c246cfd8227b300828715dd055463cdca6176c2e4036df8bd4f",
                "sha256:5aed7dde98403cd91d86a1115c78d8145c83078e864c1de1064f52e6feb61b20",
                "sha256:69bd1a15d7ba3694631e00df8de65a8cb031911ca11f44929c97fe05eb9b6c1d",
                "sha256:6bf088c1ce160f50ea40764f825ec9b72ed9da25346216b91361eef8ad1b8f8c",
                "sha256:6e8c66f70fb539301e064f6478d7453e820d8a2c631da948a23384865cd95544",
                "sha256:727dd1389bc5cb9827cbd1f9d40d2c2a1a0c9b32dd2261db522d22a604a6eec9",
                "sha256:74a04183e6e64930b667d321524e3c5361094bb4af9083db5c301db64cd341f3",
                "sha256:75e636fd3e0fb872693f23ccb8a5ff2cd578801251f3a4f6854c6a5d437d3c04",
                "sha256:7761afe0126d046974a01e030ae7529ed0ca6a196de3ec6937c11df0df1bc91c",
                "sha256:7888310f6214f19ab2b6df90f3f06afa3df7ef7355fc025e78a3044737fab1f5",
                "sha256:7b0554af24df2bf96618dac71ddada02420f946be943b181108cac55a7a2dcd4",
                "sha256:7c7b502bc34f6e32ba022b4a209638f9e097d7a9098104ae420eb8186217ebbb",
                "sha256:808add66ea764ed97d44dda1ac4f2cfec4c1867d9efb16a33d158be79f32b8a4",
                "sha256:831e648102c82f152e14c1a0938689dbb22480c548c8d4b8b248b3e50967b88c",
                "sha256:93689632949aff41199090eff5474f3990b6823404e45d66a5d44304e9cdc467",
                "sha256:96b5e6874431df16aee0c1ba237574cb6dff1dcb173798faa6a9d8b399a05d0e",
                "sha256:9a54614049a18a2d6fe156e68e188da02a046a4a93cf24f373bffd977e943421",
                "sha256:a138441e95562b3c078746a22f8fca8ff1c22c014f856278bdbdd89ca36cff1b",
                "sha256:a647c0d4478b995c5e54615a2e5360ccedd2f85e70ab57fbe817ca613d5e63b8",
                "sha256:a9c9bc489f8ab30906d7a85afac4b4944a572a7432e00698a7239f44a44e6efb",
                "sha256:ad2277b185ebce47a63f4dc6302e30f05762b688f8dc3de55dbae4651872cdf3",
                "sha256:adabc0bce035467fb537ef3e5e74f2847c8af217ee0be0455d4fec8adc0462fc",
                "sha256:b6d5e92df2b77665e07ddb2e4dbd6d644b78e4c0d2e9272a852627cdba0d75cf",
                "sha256:bc431b065722a5ad1dfb4df354fb9333b7a582a5ee39a90e6ffff688d72f27a1",
                "sha256:bdd0de2d64688ecae88dd8935012c4a72681e5df632af903a1dca8c5e7aa871a",
                "sha256:c79698d4cd9318d9481d89a77e2d3fcaeff5486be641e60a4b49f3d2ecca4e28",
                "sha256:cb6259196a589123d755380b65127ddc60f4c64b21fc3bb46ce3a6ea663659b0",
                "sha256:d5b87da55a08acb586bad5c3aa3b86505f559b84f39035b233d5bf844b0834b1",
                "sha256:dcd7b9c7139dc8258d164b55696ecd16c04607f1cc33ba7af86613881ffe4ac8",
                "sha256:dfe4c1fedfde4e2fbc009d5ad420647f7730d719786388b7de0999bf32c0d9fd",
                "sha256:ea98f633d45f7e815db648fd7ff0f19e328302ac36427343e4432c84432e7ff4",
                "sha256:ec52c351b35ca269cb1f8069d610fc45c5bd38c3e91f9ab4cbbf0aebc136d9c8",
                "sha256:eef7592281f7c174d3d6cbfbb7ee5984a671fcd77e3fc78e973d492e9bf0eb3f",
                "sha256:f07f1f00e22b231dd3d9b9208692042e29792d6bd4f6639415d2f23158a80013",
                "sha256:f3fac744f9b540148fa7715a435d2283b71f68bfb6d4aae24482a890aed18b59",
                "sha256:fa768eff5f9f958270b081bb33581b4b569faabf8774726b283edb06617101dc",
                "sha256:fac2d65901fb0fdf20363fbd345c01958a742f2dc62a8dd4495af66e3ff502a4"
            ],
            "index": "pypi",
            "version": "==9.2.0"
        },
        "psutil": {
            "hashes": [
                "sha256:07d880053c6461c9b89cd5d4808f3b8336665fa3acdefd6777662c5ed73a851a",
                "sha256:12500d761ac091f2426567f19f95fd3f15a197d96befb44a5c1e3cbe6db5752c",
                "sha256:1b540599481c73408f6b392cdffef5b01e8ff7a2ac8caae0a91b8222e88e8f1e",
                "sha256:35feafe232d1aaf35d51bd42790cbccb882456f9f18cdc411532902370d660df",
                "sha256:3a7826e68b0cf4ce2c1ee385d64eab7d70e3133171376cac53d7c1790357ec8f",
                "sha256:46907fa62acaac364fff0b8a9da7b360265d217e4fdeaca0a2397a6883dffba2",
                "sha256:4bd4854f0c83aa84a5a40d3b5d0eb1f3c128f4146371e03baed4589fe4f3c931",
                "sha256:538fcf6ae856b5e12d13d7da25ad67f02113c96f5989e6ad44422cb5994ca7fc",
                "sha256:547ebb02031fdada635452250ff39942db8310b5c4a8102dfe9384ee5791e650",
                "sha256:5e8b50241dd3c2ed498507f87a6602825073c07f3b7e9560c58411c14fe1e1c9",
                "sha256:5fa88e3d5d0b480602553d362c4b33a63e0c40bfea7312a7bf78799e01e0810b",
                "sha256:68fa227c32240c52982cb931801c5707a7f96dd8927f9102d6c7771ea1ff5698",
                "sha256:6ced1ad823ecfa7d3ce26fe8aa4996e2e53fb49b7fed8ad81c80958501ec0619",
                "sha256:71b1206e7909792d16933a0d2c1c7f04ae196186c51ba8567abae1d041f06dcb",
                "sha256:767ef4fa33acda16703725c0473a91e1832d296c37c63896c7153ba81698f1ab",
                "sha256:7ccfcdfea4fc4b0a02ca2c31de7fcd186beb9cff8207800e14ab66f79c773af6",
                "sha256:7e4939ff75149b67aef77980409f156f0082fa36accc475d45c705bb00c6c16a",
                "sha256:828c9dc9478b34ab96be75c81942d8df0c2bb49edbb481f597314d92b6441d89",
                "sha256:8a4e07611997acf178ad13b842377e3d8e9d0a5bac43ece9bfc22a96735d9a4f",
                "sha256:941a6c2c591da455d760121b44097781bc970be40e0e43081b9139da485ad5b7",
                "sha256:9a4af6ed1094f867834f5f07acd1250605a0874169a5fcadbcec864aec2496a6",
                "sha256:9ec296f565191f89c48f33d9544d8d82b0d2af7dd7d2d4e6319f27a818f8d1cc",
                "sha256:9ec95df684583b5596c82bb380c53a603bb051cf019d5c849c47e117c5064395",
                "sha256:a04a1836894c8279e5e0a0127c0db8e198ca133d28be8a2a72b4db16f6cf99c1",
                "sha256:a3d81165b8474087bb90ec4f333a638ccfd1d69d34a9b4a1a7eaac06648f9fbe",
                "sha256:b4a247cd3feaae39bb6085fcebf35b3b8ecd9b022db796d89c8f05067ca28e71",
                "sha256:ba38cf9984d5462b506e239cf4bc24e84ead4b1d71a3be35e66dad0d13ded7c1",
                "sha256:beb57d8a1ca0ae0eb3d08ccaceb77e1a6d93606f0e1754f0d60a6ebd5c288837",
                "sha256:d266cd05bd4a95ca1c2b9b5aac50d249cf7c94a542f47e0b22928ddf8b80d1ef",
                "sha256:d8c3cc6bb76492133474e130a12351a325336c01c96a24aae731abf5a47fe088",
                "sha256:db8e62016add2235cc87fb7ea000ede9e4ca0aa1f221b40cef049d02d5d2593d",
                "sha256:e7507f6c7b0262d3e7b0eeda15045bf5881f4ada70473b87bc7b7c93b992a7d7",
                "sha256:ed15edb14f52925869250b1375f0ff58ca5c4fa8adefe4883cfb0737d32f5c02",
                "sha256:f57d63a2b5beaf797b87024d018772439f9d3103a395627b77d17a8d72009543",
                "sha256:fa5e32c7d9b60b2528108ade2929b115167fe98d59f89555574715054f50fa31",
                "sha256:fe79b4ad4836e3da6c4650cb85a663b3a51aef22e1a829c384e18fae87e5e727"
            ],
            "markers": "python_version >= '2.7' and python_version not in '3.0, 3.1, 3.2, 3.3'",
            "version": "==5.9.3"
        },
        "pyflakes": {
            "hashes": [
                "sha256:4579f67d887f804e67edb544428f264b7b24f435b263c4614f384135cea553d2",
                "sha256:491feb020dca48ccc562a8c0cbe8df07ee13078df59813b83959cbdada312ea3"
            ],
            "index": "pypi",
            "version": "==2.5.0"
        },
        "pyglm": {
            "hashes": [
                "sha256:0707d21de573b03c3b6ea62352fcdb33df115506a6aaf829e952152e0433e82b",
                "sha256:09d4dbbde3bd4c1044ec1fd16b40627b2828421382fe99b876d190b80bcf7cae",
                "sha256:0ac23f5d82c1c065f86444e05880193f60ec0eee500f9809552b4c5f702ab34a",
                "sha256:0cd315a69936992b557f5c8459e49c76a08fdc8d44354715c1295dab09b70ce7",
                "sha256:0d7d0038ff9b0aab0b52156a2fe031a137f1bc6a6519a9dc3d8e7624ece03500",
                "sha256:10bd2021e122921cbeca7c66fe699563b706de508b2213189882762a6c1b491a",
                "sha256:10bee825b1ae450499b8d2d680ce44147fcdd74e4834a7cbaea8a4d90fcfeb18",
                "sha256:173adc7127b893aa6dcd97f12ef7417ab138192d60bcdcf436f7c6aacc787394",
                "sha256:206307c69ff4647cbbf98e2c931922ab11641cc17a7b217703b21935ee74833f",
                "sha256:276699d3d777c6c68e82fbb6fd4fe71d0ee48aaab3ceb2a1bc4e2b708672171c",
                "sha256:28bc5e475204e16294e0921f8723c7fe06b5f00e09de2c825850c5e5c11cf0d3",
                "sha256:3504f7849c6bf2c195d926b24fedacfbd73193cf373936c4ab9b3847ce8dd346",
                "sha256:352970a68ab42fdd4b9abe22689146378781d17598b21ddd949546ba57b502ae",
                "sha256:37f7223ead07ffdbeb765bc08232217d543ce021301fae440f8ee4518c157f3c",
                "sha256:38fdff84e6416decffe1c5874632807d58b98c5508cca3579bb2f5332e099fd8",
                "sha256:394ff690c350d5f1a9b0ead62091096d260d91ead10c491f556c6511307d30fa",
                "sha256:3b67215d06e23303fbd267090736755ff4fe24d7a5478b754fd37bc16d857f63",
                "sha256:3d48fe20ad7598e00b9333067ca9c1615940e88b5e369be38a7af498cb3e6a55",
                "sha256:464651a2c229fbfadc2150e8c36f0d64671a450a7c91fef245899c784f9f1efb",
                "sha256:4f7cda2788428feb7b60ac2e48d15fea38c034e12427ede9335af972d5e6a89f",
                "sha256:4f9fb40fc8371f307b1d3bdbe6aa379b511b53e5303891e52cce88f0ef21fb5e",
                "sha256:5723acab4c780f60fd9820eb90d87600bf16f8a13db14b3583b2f460e936b048",
                "sha256:5b8e4fe528002235db252ee35b33b96904351b31dd8d2b6e975d8ac179078b60",
                "sha256:5ce38dd0a7939eb58b55212524a4810563a05c701daa82314061e7532653cd91",
                "sha256:5e6d471c74e026338df88e3d866fa2de51210bbf7b81f03a2009d8a0e9d2ee86",
                "sha256:5fd8d466f9226afdf78cb591ebf09d893b6d9ece42a62bd428f2a8edc9eef264",
                "sha256:60cb80f60ecdb976469a8ab5b59699c1174079b829f0b8429843608962e4308d",
                "sha256:60f34888270c2fe770e9c7c9828a607aaf9273598f7eae4e7bf26f3ba2b48705",
                "sha256:62938df7eb7f625bc31525bb17b949e7df2ddde809a0a8a5ac3e5dcbf74ca5ee",
                "sha256:63d69b1de10eae579237a9e73230a8424a615e46610c07b92e0af6b779e31e45",
                "sha256:6a148d7fc3b390823f042027b475a29072d00e0eaa4910f4472fe1182371ffe4",
                "sha256:749a2aa8a80d08fea97a91854e83c3f93e271a80c2b4af7032a62fce69822eea",
                "sha256:75c4651505b5f04000ddd6cf96ab016dd8d9cc74680dfa6f50feaefb87c10be2",
                "sha256:769b8c684b42410b8da808675ae494f708c368229af131da7a476ef281a462a9",
                "sha256:7e96d25e520be856c31e8ed9535bca7eacac190a2066a7620ea8e3cd43a618f9",
                "sha256:8042d764d83664865cc580b1c8db2ec5a8d9184b16b80a60eb087bdb129d85ae",
                "sha256:815a076a5abfa6c5cbfcfea5a1526ec56c93492d01cb4ec7f204a2e37577b071",
                "sha256:832dd41d94a39ef7b4ab0f55738759f445635ea94a2f0ef809c70b7bcdaf330f",
                "sha256:859af4ea4bd93621331a9fd3610a1d6178d6911c3c5e41ca663e7732bc48c31e",
                "sha256:87034c9569ca4e54e82e663abd9534ae02a79ba3bd553680e4a2f409596e80e7",
                "sha256:8b464bf821506b8b8714f94f22f1376d7a93f2ef8cefda44003cfe5a0ee7476b",
                "sha256:8cf39b2cd8c8d28fa863ef375aa013b1bc4ca4461919231583a2554228f49311",
                "sha256:8f28a6e5c9264d5ed9d2fc747c9d6dca829fb040081ddf6c24b90646e241eb2e",
                "sha256:97c6e160c80966001eaf1c69dd84bf7b3726e4bd80882986eae46c4e784b89e0",
                "sha256:9809475ccb747d34e03d06ca04462e6a27b7e73d6c719128f24abf07a8625a27",
                "sha256:997fb2342bcd028e19a7f93c6af1a2d6f0dbc574c1751b0511380f67e6227910",
                "sha256:9c599b95537c7f60310da80a164f19240cf6d5751596beee9f55d2bcf708f4b6",
                "sha256:a6c4e544ad40203223bc6be979591d78c6195b273328440ba33aa745d9595156",
                "sha256:b129c1ab4b376cff7f0597ad0a6e607a9a47809ddfbe25439996c204dbc1704b",
                "sha256:b2e319a100b64ebe4fee505602a14a3f3c37e4f6c11984d3a743eb9d9c7072fa",
                "sha256:bf49898e2e8db08b844db8d70410b6c876e1a741d24cf8e11da58d4e2455c51d",
                "sha256:c0202d9de45f91b95240e8b20e2e9c86cc3560f49d7ec0f487986dd2d821983f",
                "sha256:c0fa8d848c79d5e6a579d6e3ec987cab9c42aafe67ca9408625a9d6c2c77c0dc",
                "sha256:d377f4249510909ae6f2b68f14262a731e81e560a48b229a4e02f8bebb82f53a",
                "sha256:d3febfde111e8a670e95f957940c6ee17733a106ab88a1807b85b0cad29b375b",
                "sha256:d8d5a4437e307056c85475c1030425cc76e3e2fe1ac9d4400f02c27ed559f78a",
                "sha256:d90208d33b73c2b92b519c4964df1f7f50a25cc84e43a73c8bf45366c57fa2bf",
                "sha256:de5e8fa77229cdf7748a0cf8804496786d9a9751dd34e594388b9eea37540124",
                "sha256:e61b8868bc6434cff57447ba86b703ffde83dc9aa5814894de76fa68bea29e4e",
                "sha256:eaf643b1656f0d57268aafabbdad45b2569ec426dd650356c8d28fcb8272e484",
                "sha256:eb31c4aec1fddc4cceec7db86d64c5c85a8554697ed192c6d353120d3ddfad49",
                "sha256:eb583b5127c9c915b21f079e52c730603e0aca7923c1f2a500149afe88a774e8",
                "sha256:f0e9991749130e90e8e7654c0602ad1f9bd70d901819ca5bb95718bf14839176",
                "sha256:f2bcebea7088fabcfe3c6e63bbc9f4722ab8d6c600696e8807fc69e5742992c1",
                "sha256:f607fb9b854528bbbcea90646c788eed948c55f82258a6f3c17433cb8f745567",
                "sha256:f8623a85975370e206f7645f6316d9ce4ebbe225dfe8c851ea7f3e7be4c8cf99",
                "sha256:f9829f161186228a37c868bba93a5a6be8509bb07b54bf353d4c55c1a39b2425",
                "sha256:fa0a965f698e10d4346ed5a2f85a15b978225a669734223117ac516b1229c4de",
                "sha256:fcc31d935689e706b24b409a466ba0d305585d5a4f21e7aca2f9814a98971459"
            ],
            "index": "pypi",
            "version": "==2.5.7"
        },
        "python-utils": {
            "hashes": [
                "sha256:3b1c8b706e40e91280eec5fa72ea730880a166cee99afa5555b863d55664478d",
                "sha256:5cb9cf295018202fb4d6abdd694a33a7f08bc0ce1bf1eab8cce80ab2cde35c07"
            ],
            "markers": "python_version >= '3.7'",
            "version": "==3.3.3"
        }
    },
    "develop": {
        "asttokens": {
            "hashes": [
                "sha256:c61e16246ecfb2cde2958406b4c8ebc043c9e6d73aaa83c941673b35e5d3a76b",
                "sha256:e3305297c744ae53ffa032c45dc347286165e4ffce6875dc662b205db0623d86"
            ],
            "version": "==2.0.8"
        },
        "backcall": {
            "hashes": [
                "sha256:5cbdbf27be5e7cfadb448baf0aa95508f91f2bbc6c6437cd9cd06e2a4c215e1e",
                "sha256:fbbce6a29f263178a1f7915c1940bde0ec2b2a967566fe1c65c1dfb7422bd255"
            ],
            "version": "==0.2.0"
        },
        "decorator": {
            "hashes": [
                "sha256:637996211036b6385ef91435e4fae22989472f9d571faba8927ba8253acbc330",
                "sha256:b8c3f85900b9dc423225913c5aace94729fe1fa9763b38939a95226f02d37186"
            ],
            "markers": "python_version >= '3.5'",
            "version": "==5.1.1"
        },
        "executing": {
            "hashes": [
                "sha256:236ea5f059a38781714a8bfba46a70fad3479c2f552abee3bbafadc57ed111b8",
                "sha256:b0d7f8dcc2bac47ce6e39374397e7acecea6fdc380a6d5323e26185d70f38ea8"
            ],
            "version": "==1.1.1"
        },
        "ipython": {
            "hashes": [
                "sha256:097bdf5cd87576fd066179c9f7f208004f7a6864ee1b20f37d346c0bcb099f84",
                "sha256:6f090e29ab8ef8643e521763a4f1f39dc3914db643122b1e9d3328ff2e43ada2"
            ],
            "index": "pypi",
            "version": "==8.5.0"
        },
        "jedi": {
            "hashes": [
                "sha256:86ed7d9b750603e4ba582ea8edc678657fb4007894a12bcf6f4bb97892f31d20",
                "sha256:98cc583fa0f2f8304968199b01b6b4b94f469a1f4a74c1560506ca2a211378b5"
            ],
            "markers": "python_version >= '2.7' and python_version not in '3.0, 3.1, 3.2, 3.3, 3.4'",
            "version": "==0.17.2"
        },
        "matplotlib-inline": {
            "hashes": [
                "sha256:f1f41aab5328aa5aaea9b16d083b128102f8712542f819fe7e6a420ff581b311",
                "sha256:f887e5f10ba98e8d2b150ddcf4702c1e5f8b3a20005eb0f74bfdbd360ee6f304"
            ],
            "markers": "python_version >= '3.5'",
            "version": "==0.1.6"
        },
        "memory-profiler": {
            "hashes": [
                "sha256:6a12869511d6cebcb29b71ba26985675a58e16e06b3c523b49f67c5497a33d1c"
            ],
            "index": "pypi",
            "version": "==0.60.0"
        },
        "parso": {
            "hashes": [
                "sha256:97218d9159b2520ff45eb78028ba8b50d2bc61dcc062a9682666f2dc4bd331ea",
                "sha256:caba44724b994a8a5e086460bb212abc5a8bc46951bf4a9a1210745953622eb9"
            ],
            "markers": "python_version >= '2.7' and python_version not in '3.0, 3.1, 3.2, 3.3'",
            "version": "==0.7.1"
        },
        "pexpect": {
            "hashes": [
                "sha256:0b48a55dcb3c05f3329815901ea4fc1537514d6ba867a152b581d69ae3710937",
                "sha256:fc65a43959d153d0114afe13997d439c22823a27cefceb5ff35c2178c6784c0c"
            ],
            "markers": "sys_platform != 'win32'",
            "version": "==4.8.0"
        },
        "pickleshare": {
            "hashes": [
                "sha256:87683d47965c1da65cdacaf31c8441d12b8044cdec9aca500cd78fc2c683afca",
                "sha256:9649af414d74d4df115d5d718f82acb59c9d418196b7b4290ed47a12ce62df56"
            ],
            "version": "==0.7.5"
        },
        "pluggy": {
            "hashes": [
                "sha256:4224373bacce55f955a878bf9cfa763c1e360858e330072059e10bad68531159",
                "sha256:74134bbf457f031a36d68416e1509f34bd5ccc019f0bcc952c7b909d06b37bd3"
            ],
            "markers": "python_version >= '3.6'",
            "version": "==1.0.0"
        },
        "prompt-toolkit": {
            "hashes": [
                "sha256:9696f386133df0fc8ca5af4895afe5d78f5fcfe5258111c2a79a1c3e41ffa96d",
                "sha256:9ada952c9d1787f52ff6d5f3484d0b4df8952787c087edf6a1f7c2cb1ea88148"
            ],
            "markers": "python_full_version >= '3.6.2'",
            "version": "==3.0.31"
        },
        "psutil": {
            "hashes": [
                "sha256:07d880053c6461c9b89cd5d4808f3b8336665fa3acdefd6777662c5ed73a851a",
                "sha256:12500d761ac091f2426567f19f95fd3f15a197d96befb44a5c1e3cbe6db5752c",
                "sha256:1b540599481c73408f6b392cdffef5b01e8ff7a2ac8caae0a91b8222e88e8f1e",
                "sha256:35feafe232d1aaf35d51bd42790cbccb882456f9f18cdc411532902370d660df",
                "sha256:3a7826e68b0cf4ce2c1ee385d64eab7d70e3133171376cac53d7c1790357ec8f",
                "sha256:46907fa62acaac364fff0b8a9da7b360265d217e4fdeaca0a2397a6883dffba2",
                "sha256:4bd4854f0c83aa84a5a40d3b5d0eb1f3c128f4146371e03baed4589fe4f3c931",
                "sha256:538fcf6ae856b5e12d13d7da25ad67f02113c96f5989e6ad44422cb5994ca7fc",
                "sha256:547ebb02031fdada635452250ff39942db8310b5c4a8102dfe9384ee5791e650",
                "sha256:5e8b50241dd3c2ed498507f87a6602825073c07f3b7e9560c58411c14fe1e1c9",
                "sha256:5fa88e3d5d0b480602553d362c4b33a63e0c40bfea7312a7bf78799e01e0810b",
                "sha256:68fa227c32240c52982cb931801c5707a7f96dd8927f9102d6c7771ea1ff5698",
                "sha256:6ced1ad823ecfa7d3ce26fe8aa4996e2e53fb49b7fed8ad81c80958501ec0619",
                "sha256:71b1206e7909792d16933a0d2c1c7f04ae196186c51ba8567abae1d041f06dcb",
                "sha256:767ef4fa33acda16703725c0473a91e1832d296c37c63896c7153ba81698f1ab",
                "sha256:7ccfcdfea4fc4b0a02ca2c31de7fcd186beb9cff8207800e14ab66f79c773af6",
                "sha256:7e4939ff75149b67aef77980409f156f0082fa36accc475d45c705bb00c6c16a",
                "sha256:828c9dc9478b34ab96be75c81942d8df0c2bb49edbb481f597314d92b6441d89",
                "sha256:8a4e07611997acf178ad13b842377e3d8e9d0a5bac43ece9bfc22a96735d9a4f",
                "sha256:941a6c2c591da455d760121b44097781bc970be40e0e43081b9139da485ad5b7",
                "sha256:9a4af6ed1094f867834f5f07acd1250605a0874169a5fcadbcec864aec2496a6",
                "sha256:9ec296f565191f89c48f33d9544d8d82b0d2af7dd7d2d4e6319f27a818f8d1cc",
                "sha256:9ec95df684583b5596c82bb380c53a603bb051cf019d5c849c47e117c5064395",
                "sha256:a04a1836894c8279e5e0a0127c0db8e198ca133d28be8a2a72b4db16f6cf99c1",
                "sha256:a3d81165b8474087bb90ec4f333a638ccfd1d69d34a9b4a1a7eaac06648f9fbe",
                "sha256:b4a247cd3feaae39bb6085fcebf35b3b8ecd9b022db796d89c8f05067ca28e71",
                "sha256:ba38cf9984d5462b506e239cf4bc24e84ead4b1d71a3be35e66dad0d13ded7c1",
                "sha256:beb57d8a1ca0ae0eb3d08ccaceb77e1a6d93606f0e1754f0d60a6ebd5c288837",
                "sha256:d266cd05bd4a95ca1c2b9b5aac50d249cf7c94a542f47e0b22928ddf8b80d1ef",
                "sha256:d8c3cc6bb76492133474e130a12351a325336c01c96a24aae731abf5a47fe088",
                "sha256:db8e62016add2235cc87fb7ea000ede9e4ca0aa1f221b40cef049d02d5d2593d",
                "sha256:e7507f6c7b0262d3e7b0eeda15045bf5881f4ada70473b87bc7b7c93b992a7d7",
                "sha256:ed15edb14f52925869250b1375f0ff58ca5c4fa8adefe4883cfb0737d32f5c02",
                "sha256:f57d63a2b5beaf797b87024d018772439f9d3103a395627b77d17a8d72009543",
                "sha256:fa5e32c7d9b60b2528108ade2929b115167fe98d59f89555574715054f50fa31",
                "sha256:fe79b4ad4836e3da6c4650cb85a663b3a51aef22e1a829c384e18fae87e5e727"
            ],
            "markers": "python_version >= '2.7' and python_version not in '3.0, 3.1, 3.2, 3.3'",
            "version": "==5.9.3"
        },
        "ptyprocess": {
            "hashes": [
                "sha256:4b41f3967fce3af57cc7e94b888626c18bf37a083e3651ca8feeb66d492fef35",
                "sha256:5c5d0a3b48ceee0b48485e0c26037c0acd7d29765ca3fbb5cb3831d347423220"
            ],
            "version": "==0.7.0"
        },
        "pure-eval": {
            "hashes": [
                "sha256:01eaab343580944bc56080ebe0a674b39ec44a945e6d09ba7db3cb8cec289350",
                "sha256:2b45320af6dfaa1750f543d714b6d1c520a1688dec6fd24d339063ce0aaa9ac3"
            ],
            "version": "==0.2.2"
        },
        "pygments": {
            "hashes": [
                "sha256:56a8508ae95f98e2b9bdf93a6be5ae3f7d8af858b43e02c5a2ff083726be40c1",
                "sha256:f643f331ab57ba3c9d89212ee4a2dabc6e94f117cf4eefde99a0574720d14c42"
            ],
            "markers": "python_version >= '3.6'",
            "version": "==2.13.0"
        },
        "python-jsonrpc-server": {
            "hashes": [
                "sha256:62c543e541f101ec5b57dc654efc212d2c2e3ea47ff6f54b2e7dcb36ecf20595",
                "sha256:e5a908ff182e620aac07db5f57887eeb0afe33993008f57dc1b85b594cea250c"
            ],
            "version": "==0.4.0"
        },
        "python-language-server": {
            "hashes": [
                "sha256:9984c84a67ee2c5102c8e703215f407fcfa5e62b0ae86c9572d0ada8c4b417b0",
                "sha256:a0ad0aca03f4a20c1c40f4f230c6773eac82c9b7cdb026cb09ba10237f4815d5"
            ],
            "index": "pypi",
            "version": "==0.36.2"
        },
        "six": {
            "hashes": [
                "sha256:1e61c37477a1626458e36f7b1d82aa5c9b094fa4802892072e49de9c60c4c926",
                "sha256:8abb2f1d86890a2dfb989f9a77cfcfd3e47c2a354b01111771326f8aa26e0254"
            ],
            "markers": "python_version >= '2.7' and python_version not in '3.0, 3.1, 3.2, 3.3'",
            "version": "==1.16.0"
        },
        "stack-data": {
            "hashes": [
                "sha256:5120731a18ba4c82cefcf84a945f6f3e62319ef413bfc210e32aca3a69310ba2",
                "sha256:95eb784942e861a3d80efd549ff9af6cf847d88343a12eb681d7157cfcb6e32b"
            ],
            "version": "==0.5.1"
        },
        "traitlets": {
            "hashes": [
                "sha256:1201b2c9f76097195989cdf7f65db9897593b0dfd69e4ac96016661bb6f0d30f",
                "sha256:b122f9ff2f2f6c1709dab289a05555be011c87828e911c0cf4074b85cb780a79"
            ],
            "markers": "python_version >= '3.7'",
            "version": "==5.5.0"
        },
        "ujson": {
            "hashes": [
                "sha256:0762a4fdf86e01f3f8d8b6b7158d01fdd870799ff3f402b676e358fcd879e7eb",
                "sha256:10095160dbe6bba8059ad6677a01da251431f4c68041bf796dcac0956b34f8f7",
                "sha256:1a485117f97312bef45f5d79d2ff97eff4da503b8a04f3691f59d31141686459",
                "sha256:1cef44ea4973344baed3d50a5da4a8843de3a6af7dea7fadf0a594e53ce5892f",
                "sha256:1dc2f46c31ef22b0aaa28cd71be897bea271e700636658d573df9c43c49ebbd0",
                "sha256:21678d7e068707e4d54bdfeb8c250ebc548b51e499aed778b22112ca31a79669",
                "sha256:278aa9d7cb56435c96d19f5d702e026bcf69f824e24b41e9b52706abd3565837",
                "sha256:2ab011e3556a9a1d9461bd686870c527327765ed02fe53550531d6609a8a33ff",
                "sha256:2d90414e3b4b44b39825049185959488e084ea7fcaf6124afd5c00893938b09d",
                "sha256:2e506ecf89b6b9d304362ccef770831ec242a52c89dab1b4aabf1ab0eb1d5ed6",
                "sha256:33cd9084fefc74cbacf88c92fd260b61211e00bcde38d640c369e5dc34a2b4e1",
                "sha256:3b74467564814fbce322427a5664e6bcc7dae6dbc8acbef76300fe43ca4072ab",
                "sha256:3f3f4240d99d55eb97cb012e9adf401f5ed9cd827af0341ac44603832202b0d2",
                "sha256:3fe1aea596f9539fc20cd9e52f098c842afc090168824fd4ca9744fe13151a03",
                "sha256:4a8cb3c8637006c5bd8237ebb5992a76ba06e39988ad5cff2096227443e8fd6a",
                "sha256:4ef4ab8352861b99bd7fedb1fc6df3ea7f7d5216c789ba6d859e4ea06f1a4c45",
                "sha256:5035bb997d163f346c22abcec75190e7e756a5349e7c708bd3d5fd7066a9a854",
                "sha256:593a0f6fb0e186c5ba65465ed6f6215a30d1efa898c25e74de1c8577a1bff6d0",
                "sha256:59cdcd934385f36e8bd76aedc234371cc75c848d95bdce804ac8aa8744cfeffa",
                "sha256:5a9b1320d8363a42d857fae8065a2174d38217cdd58cd8dc4f48d54e0591271e",
                "sha256:5f9681ec4c60d0da590552427d770636d9079038c30b265f507ccde23caa7823",
                "sha256:5fd797a4837ba10671954e7c09010cec7aca67e09d193f4920a16beea5f66f65",
                "sha256:6019e3480d933d3698f2ecb4b46d64bfadd64e718f04fac36e681f3254b49a93",
                "sha256:603607f56a0ee84d9cd2c7e9b1d29b18a70684b94ee34f07b9ffe8dc9c8a9f81",
                "sha256:60a4b481978ea2aad8fe8af1ecc271624d01b3cf4b09e9b643dd2fe19c07634c",
                "sha256:6b9812638d7aa8ecda2e8e1513fb4da999249603bffab7439a5f8f0bb362b0db",
                "sha256:6c7ae6e0778ab9610f5e80e0595957d101ab8de18c32a8c053a19943ef4831d0",
                "sha256:6f83be8257b2f2dd6dea5ee62cd28db90584da7a7af1fba77a2102fc7943638a",
                "sha256:701e81e047f5c0cffd4ac828efca68b0bd270c616654966a051e9a5f836b385e",
                "sha256:703fd69d9cb21d6ec2086789df9be2cf8140a76ff127050c24007ea8940dcd3b",
                "sha256:7471d4486f23518cff343f1eec6c68d1b977ed74c3e6cc3e1ac896b9b7d68645",
                "sha256:765d46f3d5e7a1d48075035e2d1a9164f683e3fccde834ca04602e6c588835bc",
                "sha256:7a09d203983104918c62f2eef9406f24c355511f9217967df23e70fa7f5b54ff",
                "sha256:7c20cc83b0df47129ec6ed8a47fa7dcfc309c5bad029464004162738502568bb",
                "sha256:7d7cfac2547c93389fa303fc0c0eb6698825564e8389c41c9b60009c746207b6",
                "sha256:7d87c817b292efb748f1974f37e8bb8a8772ef92f05f84e507159360814bcc3f",
                "sha256:8141f654432cf75144d6103bfac2286b8adf23467201590b173a74535d6be22d",
                "sha256:849f2ff40264152f25589cb48ddb4a43d14db811f841ec73989bfc0c8c4853fa",
                "sha256:880c84ce59f49776cf120f77e7ca04877c97c6887917078dbc369eb47004d7cf",
                "sha256:94874584b733a18b310b0e954d53168e62cd4a0fd9db85b1903f0902a7eb33e8",
                "sha256:95603eff711b8f3b9596e1c961dbeb745a792ba1904141612f194e07edd71e5f",
                "sha256:9585892091ae86045135d6a6129a644142d6a51b23e1428bb5de6d10bc0ce0c7",
                "sha256:977bf5be704a88d46bf5b228df8b44521b1f3119d741062191608b3a6a38f224",
                "sha256:9cdc46859024501c20ab74ad542cdf2f08b94b5ce384f2f569483fa3ed926d04",
                "sha256:a34a5f034b339f69ef7f6a134c22d04b92e07b6ddc1dd65382e7e4ec65d6437d",
                "sha256:a655f7b755cfc5c07f2116b6dcf0ba148c89adef9a6d40c1b0f1fada878c4345",
                "sha256:a7d12f2d2df195c8c4e49d2cdbad640353a856c62ca2c624d8b47aa33b65a2a2",
                "sha256:abfe83e082c9208891e2158c1b5044a650ecec408b823bf6bf16cd7f8085cafa",
                "sha256:b25077a971c7da47bd6846a912a747f6963776d90720c88603b1b55d81790780",
                "sha256:bf416a93e1331820c77e3429df26946dbd4fe105e9b487cd2d1b7298b75784a8",
                "sha256:c04ae27e076d81a3839047d8eed57c1e17e361640616fd520d752375e3ba8f0c",
                "sha256:d5bea13c73f36c4346808df3fa806596163a7962b6d28001ca2a391cab856089",
                "sha256:d75bef34e69e7effb7b4849e3f830e3174d2cc6ec7273503fdde111c222dc9b3",
                "sha256:d93940664a5ccfd79f72dcb939b0c31a3479889f14f0eb95ec52976f8c0cae7d",
                "sha256:d9c89c521dc90c7564358e525f849b93ad1d710553c1491f66b8cce8113bc901",
                "sha256:e0b36257dc90194784531c3b922d8d31fb2b4d8e5adfd27aff4eee7174176365",
                "sha256:e1135264bcd40965cd35b0869e36952f54825024befdc7a923df9a7d83cfd800",
                "sha256:e510d288e613d6927796dfb728e13e4530fc83b9ccac5888a21f7860486eab21",
                "sha256:ee9a2c9a4b2421e77f8fe33ed0621dea03c66c710707553020b1e32f3afb6240",
                "sha256:f19f11055ba2961eb39bdb1ff15763a53fca4fa0b5b624da3c7a528e83cdd09c",
                "sha256:f26544bc10c83a2ff9aa2e093500c1b473f327faae31fb468d591e5823333376",
                "sha256:f4875cafc9a6482c04c7df52a725d1c41beb74913c0ff4ec8f189f1954a2afe9",
                "sha256:f5179088ef6487c475604b7898731a6ddeeada7702cfb2162155b016703a8475",
                "sha256:f63d1ae1ca17bb2c847e298c7bcf084a73d56d434b4c50509fb93a4b4300b0b2",
                "sha256:ff4928dc1e9704b567171c16787238201fdbf023665573c12c02146fe1e02eec"
            ],
            "markers": "python_version >= '3.1'",
            "version": "==5.5.0"
        },
        "wcwidth": {
            "hashes": [
                "sha256:beb4802a9cebb9144e99086eff703a642a13d6a0052920003a230f3294bbe784",
                "sha256:c4d647b99872929fdb7bdcaa4fbe7f01413ed3d98077df798530e5b04f116c83"
            ],
            "version": "==0.2.5"
        }
    }
}
